
Microsoft Visual Studio Solution File, Format Version 12.00
# Visual Studio Version 16
VisualStudioVersion = 16.0.35826.135
MinimumVisualStudioVersion = 10.0.40219.1
Project("{FAE04EC0-301F-11D3-BF4B-00C04F79EFBC}") = "BMI_BMR_Calculator", "BMI_BMR_Calculator\BMI_BMR_Calculator.csproj", "{D853ADFC-E2FF-4788-8423-9A32DCCD4FC3}"
EndProject
Global
	GlobalSection(SolutionConfigurationPlatforms) = preSolution
		Debug|Any CPU = Debug|Any CPU
		Release|Any CPU = Release|Any CPU
	EndGlobalSection
	GlobalSection(ProjectConfigurationPlatforms) = postSolution
		{D853ADFC-E2FF-4788-8423-9A32DCCD4FC3}.Debug|Any CPU.ActiveCfg = Debug|Any CPU
		{D853ADFC-E2FF-4788-8423-9A32DCCD4FC3}.Debug|Any CPU.Build.0 = Debug|Any CPU
		{D853ADFC-E2FF-4788-8423-9A32DCCD4FC3}.Release|Any CPU.ActiveCfg = Release|Any CPU
		{D853ADFC-E2FF-4788-8423-9A32DCCD4FC3}.Release|Any CPU.Build.0 = Release|Any CPU
	EndGlobalSection
	GlobalSection(SolutionProperties) = preSolution
		HideSolutionNode = FALSE
	EndGlobalSection
	GlobalSection(ExtensibilityGlobals) = postSolution
		SolutionGuid = {C9A5DC8C-AD47-44DA-9E56-7ADBEEAD7E6B}
	EndGlobalSection
EndGlobal
